
Microsoft Visual Studio Solution File, Format Version 12.00
Project("{2150E333-8FDC-42A3-9474-1A3956D46DE8}") = "frontend", "frontend", "{EEEF32F2-BDCC-4DBB-8AFA-30804427F62F}"
EndProject
Project("{2150E333-8FDC-42A3-9474-1A3956D46DE8}") = "backend", "backend", "{4C322046-33C8-4532-9A59-55A1D1F0A5A9}"
EndProject
Project("{FAE04EC0-301F-11D3-BF4B-00C04F79EFBC}") = "SimpleBlogs.API", "backend\SimpleBlogs.API\SimpleBlogs.API.csproj", "{4B3F513E-5A81-45CC-8406-C8BD28C86267}"
EndProject
Global
	GlobalSection(SolutionConfigurationPlatforms) = preSolution
		Debug|Any CPU = Debug|Any CPU
		Release|Any CPU = Release|Any CPU
	EndGlobalSection
	GlobalSection(NestedProjects) = preSolution
		{4B3F513E-5A81-45CC-8406-C8BD28C86267} = {4C322046-33C8-4532-9A59-55A1D1F0A5A9}
	EndGlobalSection
	GlobalSection(ProjectConfigurationPlatforms) = postSolution
		{4B3F513E-5A81-45CC-8406-C8BD28C86267}.Debug|Any CPU.ActiveCfg = Debug|Any CPU
		{4B3F513E-5A81-45CC-8406-C8BD28C86267}.Debug|Any CPU.Build.0 = Debug|Any CPU
		{4B3F513E-5A81-45CC-8406-C8BD28C86267}.Release|Any CPU.ActiveCfg = Release|Any CPU
		{4B3F513E-5A81-45CC-8406-C8BD28C86267}.Release|Any CPU.Build.0 = Release|Any CPU
	EndGlobalSection
EndGlobal
